// !$*UTF8*$!
{
	archiveVersion = 1;
	classes = {
	};
	objectVersion = 46;
	objects = {

/* Begin PBXBuildFile section */
		1C0363221EE7D4BD003FF249 /* 满额@2x.png in Resources */ = {isa = PBXBuildFile; fileRef = 1C0363211EE7D4BD003FF249 /* 满额@2x.png */; };
		1C0363241EE7D6C9003FF249 /* 120.png in Resources */ = {isa = PBXBuildFile; fileRef = 1C0363231EE7D6C9003FF249 /* 120.png */; };
		1C5CFBE91EE794CA0091E74B /* main.m in Sources */ = {isa = PBXBuildFile; fileRef = 1C5CFBE81EE794CA0091E74B /* main.m */; };
		1C5CFBEC1EE794CA0091E74B /* AppDelegate.m in Sources */ = {isa = PBXBuildFile; fileRef = 1C5CFBEB1EE794CA0091E74B /* AppDelegate.m */; };
		1C5CFBEF1EE794CA0091E74B /* ViewController.m in Sources */ = {isa = PBXBuildFile; fileRef = 1C5CFBEE1EE794CA0091E74B /* ViewController.m */; };
		1C5CFBF21EE794CA0091E74B /* Main.storyboard in Resources */ = {isa = PBXBuildFile; fileRef = 1C5CFBF01EE794CA0091E74B /* Main.storyboard */; };
		1C5CFBF41EE794CA0091E74B /* Assets.xcassets in Resources */ = {isa = PBXBuildFile; fileRef = 1C5CFBF31EE794CA0091E74B /* Assets.xcassets */; };
		1C5CFBF71EE794CA0091E74B /* LaunchScreen.storyboard in Resources */ = {isa = PBXBuildFile; fileRef = 1C5CFBF51EE794CA0091E74B /* LaunchScreen.storyboard */; };
		1C5CFC021EE794CA0091E74B /* ___Tests.m in Sources */ = {isa = PBXBuildFile; fileRef = 1C5CFC011EE794CA0091E74B /* ___Tests.m */; };
		1C5CFC0D1EE794CA0091E74B /* ___UITests.m in Sources */ = {isa = PBXBuildFile; fileRef = 1C5CFC0C1EE794CA0091E74B /* ___UITests.m */; };
		1C5CFC1E1EE7971D0091E74B /* YSImageView.m in Sources */ = {isa = PBXBuildFile; fileRef = 1C5CFC1D1EE7971D0091E74B /* YSImageView.m */; };
		1C5CFC211EE798300091E74B /* QuartzCore.framework in Frameworks */ = {isa = PBXBuildFile; fileRef = 1C5CFC201EE798300091E74B /* QuartzCore.framework */; };
/* End PBXBuildFile section */

/* Begin PBXContainerItemProxy section */
		1C5CFBFE1EE794CA0091E74B /* PBXContainerItemProxy */ = {
			isa = PBXContainerItemProxy;
			containerPortal = 1C5CFBDC1EE794C90091E74B /* Project object */;
			proxyType = 1;
			remoteGlobalIDString = 1C5CFBE31EE794C90091E74B;
			remoteInfo = "取色器";
		};
		1C5CFC091EE794CA0091E74B /* PBXContainerItemProxy */ = {
			isa = PBXContainerItemProxy;
			containerPortal = 1C5CFBDC1EE794C90091E74B /* Project object */;
			proxyType = 1;
			remoteGlobalIDString = 1C5CFBE31EE794C90091E74B;
			remoteInfo = "取色器";
		};
/* End PBXContainerItemProxy section */

/* Begin PBXFileReference section */
		1C0363211EE7D4BD003FF249 /* 满额@2x.png */ = {isa = PBXFileReference; lastKnownFileType = image.png; path = "满额@2x.png"; sourceTree = "<group>"; };
		1C0363231EE7D6C9003FF249 /* 120.png */ = {isa = PBXFileReference; lastKnownFileType = image.png; path = 120.png; sourceTree = "<group>"; };
		1C5CFBE41EE794C90091E74B /* 取色器.app */ = {isa = PBXFileReference; explicitFileType = wrapper.application; includeInIndex = 0; path = "取色器.app"; sourceTree = BUILT_PRODUCTS_DIR; };
		1C5CFBE81EE794CA0091E74B /* main.m */ = {isa = PBXFileReference; lastKnownFileType = sourcecode.c.objc; path = main.m; sourceTree = "<group>"; };
		1C5CFBEA1EE794CA0091E74B /* AppDelegate.h */ = {isa = PBXFileReference; lastKnownFileType = sourcecode.c.h; path = AppDelegate.h; sourceTree = "<group>"; };
		1C5CFBEB1EE794CA0091E74B /* AppDelegate.m */ = {isa = PBXFileReference; lastKnownFileType = sourcecode.c.objc; path = AppDelegate.m; sourceTree = "<group>"; };
		1C5CFBED1EE794CA0091E74B /* ViewController.h */ = {isa = PBXFileReference; lastKnownFileType = sourcecode.c.h; path = ViewController.h; sourceTree = "<group>"; };
		1C5CFBEE1EE794CA0091E74B /* ViewController.m */ = {isa = PBXFileReference; lastKnownFileType = sourcecode.c.objc; path = ViewController.m; sourceTree = "<group>"; };
		1C5CFBF11EE794CA0091E74B /* Base */ = {isa = PBXFileReference; lastKnownFileType = file.storyboard; name = Base; path = Base.lproj/Main.storyboard; sourceTree = "<group>"; };
		1C5CFBF31EE794CA0091E74B /* Assets.xcassets */ = {isa = PBXFileReference; lastKnownFileType = folder.assetcatalog; path = Assets.xcassets; sourceTree = "<group>"; };
		1C5CFBF61EE794CA0091E74B /* Base */ = {isa = PBXFileReference; lastKnownFileType = file.storyboard; name = Base; path = Base.lproj/LaunchScreen.storyboard; sourceTree = "<group>"; };
		1C5CFBF81EE794CA0091E74B /* Info.plist */ = {isa = PBXFileReference; lastKnownFileType = text.plist.xml; path = Info.plist; sourceTree = "<group>"; };
		1C5CFBFD1EE794CA0091E74B /* 取色器Tests.xctest */ = {isa = PBXFileReference; explicitFileType = wrapper.cfbundle; includeInIndex = 0; path = "取色器Tests.xctest"; sourceTree = BUILT_PRODUCTS_DIR; };
		1C5CFC011EE794CA0091E74B /* ___Tests.m */ = {isa = PBXFileReference; lastKnownFileType = sourcecode.c.objc; path = "___Tests.m"; sourceTree = "<group>"; };
		1C5CFC031EE794CA0091E74B /* Info.plist */ = {isa = PBXFileReference; lastKnownFileType = text.plist.xml; path = Info.plist; sourceTree = "<group>"; };
		1C5CFC081EE794CA0091E74B /* 取色器UITests.xctest */ = {isa = PBXFileReference; explicitFileType = wrapper.cfbundle; includeInIndex = 0; path = "取色器UITests.xctest"; sourceTree = BUILT_PRODUCTS_DIR; };
		1C5CFC0C1EE794CA0091E74B /* ___UITests.m */ = {isa = PBXFileReference; lastKnownFileType = sourcecode.c.objc; path = "___UITests.m"; sourceTree = "<group>"; };
		1C5CFC0E1EE794CA0091E74B /* Info.plist */ = {isa = PBXFileReference; lastKnownFileType = text.plist.xml; path = Info.plist; sourceTree = "<group>"; };
		1C5CFC1C1EE7971D0091E74B /* YSImageView.h */ = {isa = PBXFileReference; fileEncoding = 4; lastKnownFileType = sourcecode.c.h; path = YSImageView.h; sourceTree = "<group>"; };
		1C5CFC1D1EE7971D0091E74B /* YSImageView.m */ = {isa = PBXFileReference; fileEncoding = 4; lastKnownFileType = sourcecode.c.objc; path = YSImageView.m; sourceTree = "<group>"; };
		1C5CFC201EE798300091E74B /* QuartzCore.framework */ = {isa = PBXFileReference; lastKnownFileType = wrapper.framework; name = QuartzCore.framework; path = System/Library/Frameworks/QuartzCore.framework; sourceTree = SDKROOT; };
/* End PBXFileReference section */

/* Begin PBXFrameworksBuildPhase section */
		1C5CFBE11EE794C90091E74B /* Frameworks */ = {
			isa = PBXFrameworksBuildPhase;
			buildActionMask = 2147483647;
			files = (
				1C5CFC211EE798300091E74B /* QuartzCore.framework in Frameworks */,
			);
			runOnlyForDeploymentPostprocessing = 0;
		};
		1C5CFBFA1EE794CA0091E74B /* Frameworks */ = {
			isa = PBXFrameworksBuildPhase;
			buildActionMask = 2147483647;
			files = (
			);
			runOnlyForDeploymentPostprocessing = 0;
		};
		1C5CFC051EE794CA0091E74B /* Frameworks */ = {
			isa = PBXFrameworksBuildPhase;
			buildActionMask = 2147483647;
			files = (
			);
			runOnlyForDeploymentPostprocessing = 0;
		};
/* End PBXFrameworksBuildPhase section */

/* Begin PBXGroup section */
		1C5CFBDB1EE794C90091E74B = {
			isa = PBXGroup;
			children = (
				1C5CFBE61EE794C90091E74B /* 取色器 */,
				1C5CFC001EE794CA0091E74B /* 取色器Tests */,
				1C5CFC0B1EE794CA0091E74B /* 取色器UITests */,
				1C5CFBE51EE794C90091E74B /* Products */,
				1C5CFC1F1EE7982F0091E74B /* Frameworks */,
			);
			sourceTree = "<group>";
		};
		1C5CFBE51EE794C90091E74B /* Products */ = {
			isa = PBXGroup;
			children = (
				1C5CFBE41EE794C90091E74B /* 取色器.app */,
				1C5CFBFD1EE794CA0091E74B /* 取色器Tests.xctest */,
				1C5CFC081EE794CA0091E74B /* 取色器UITests.xctest */,
			);
			name = Products;
			sourceTree = "<group>";
		};
		1C5CFBE61EE794C90091E74B /* 取色器 */ = {
			isa = PBXGroup;
			children = (
				1C0363231EE7D6C9003FF249 /* 120.png */,
				1C0363211EE7D4BD003FF249 /* 满额@2x.png */,
				1C5CFBEA1EE794CA0091E74B /* AppDelegate.h */,
				1C5CFBEB1EE794CA0091E74B /* AppDelegate.m */,
				1C5CFBED1EE794CA0091E74B /* ViewController.h */,
				1C5CFBEE1EE794CA0091E74B /* ViewController.m */,
				1C5CFC1C1EE7971D0091E74B /* YSImageView.h */,
				1C5CFC1D1EE7971D0091E74B /* YSImageView.m */,
				1C5CFBF01EE794CA0091E74B /* Main.storyboard */,
				1C5CFBF31EE794CA0091E74B /* Assets.xcassets */,
				1C5CFBF51EE794CA0091E74B /* LaunchScreen.storyboard */,
				1C5CFBF81EE794CA0091E74B /* Info.plist */,
				1C5CFBE71EE794CA0091E74B /* Supporting Files */,
			);
			path = "取色器";
			sourceTree = "<group>";
		};
		1C5CFBE71EE794CA0091E74B /* Supporting Files */ = {
			isa = PBXGroup;
			children = (
				1C5CFBE81EE794CA0091E74B /* main.m */,
			);
			name = "Supporting Files";
			sourceTree = "<group>";
		};
		1C5CFC001EE794CA0091E74B /* 取色器Tests */ = {
			isa = PBXGroup;
			children = (
				1C5CFC011EE794CA0091E74B /* ___Tests.m */,
				1C5CFC031EE794CA0091E74B /* Info.plist */,
			);
			path = "取色器Tests";
			sourceTree = "<group>";
		};
		1C5CFC0B1EE794CA0091E74B /* 取色器UITests */ = {
			isa = PBXGroup;
			children = (
				1C5CFC0C1EE794CA0091E74B /* ___UITests.m */,
				1C5CFC0E1EE794CA0091E74B /* Info.plist */,
			);
			path = "取色器UITests";
			sourceTree = "<group>";
		};
		1C5CFC1F1EE7982F0091E74B /* Frameworks */ = {
			isa = PBXGroup;
			children = (
				1C5CFC201EE798300091E74B /* QuartzCore.framework */,
			);
			name = Frameworks;
			sourceTree = "<group>";
		};
/* End PBXGroup section */

/* Begin PBXNativeTarget section */
		1C5CFBE31EE794C90091E74B /* 取色器 */ = {
			isa = PBXNativeTarget;
			buildConfigurationList = 1C5CFC111EE794CA0091E74B /* Build configuration list for PBXNativeTarget "取色器" */;
			buildPhases = (
				1C5CFBE01EE794C90091E74B /* Sources */,
				1C5CFBE11EE794C90091E74B /* Frameworks */,
				1C5CFBE21EE794C90091E74B /* Resources */,
			);
			buildRules = (
			);
			dependencies = (
			);
			name = "取色器";
			productName = "取色器";
			productReference = 1C5CFBE41EE794C90091E74B /* 取色器.app */;
			productType = "com.apple.product-type.application";
		};
		1C5CFBFC1EE794CA0091E74B /* 取色器Tests */ = {
			isa = PBXNativeTarget;
			buildConfigurationList = 1C5CFC141EE794CA0091E74B /* Build configuration list for PBXNativeTarget "取色器Tests" */;
			buildPhases = (
				1C5CFBF91EE794CA0091E74B /* Sources */,
				1C5CFBFA1EE794CA0091E74B /* Frameworks */,
				1C5CFBFB1EE794CA0091E74B /* Resources */,
			);
			buildRules = (
			);
			dependencies = (
				1C5CFBFF1EE794CA0091E74B /* PBXTargetDependency */,
			);
			name = "取色器Tests";
			productName = "取色器Tests";
			productReference = 1C5CFBFD1EE794CA0091E74B /* 取色器Tests.xctest */;
			productType = "com.apple.product-type.bundle.unit-test";
		};
		1C5CFC071EE794CA0091E74B /* 取色器UITests */ = {
			isa = PBXNativeTarget;
			buildConfigurationList = 1C5CFC171EE794CA0091E74B /* Build configuration list for PBXNativeTarget "取色器UITests" */;
			buildPhases = (
				1C5CFC041EE794CA0091E74B /* Sources */,
				1C5CFC051EE794CA0091E74B /* Frameworks */,
				1C5CFC061EE794CA0091E74B /* Resources */,
			);
			buildRules = (
			);
			dependencies = (
				1C5CFC0A1EE794CA0091E74B /* PBXTargetDependency */,
			);
			name = "取色器UITests";
			productName = "取色器UITests";
			productReference = 1C5CFC081EE794CA0091E74B /* 取色器UITests.xctest */;
			productType = "com.apple.product-type.bundle.ui-testing";
		};
/* End PBXNativeTarget section */

/* Begin PBXProject section */
		1C5CFBDC1EE794C90091E74B /* Project object */ = {
			isa = PBXProject;
			attributes = {
				LastUpgradeCheck = 0830;
				ORGANIZATIONNAME = lgq;
				TargetAttributes = {
					1C5CFBE31EE794C90091E74B = {
						CreatedOnToolsVersion = 8.3.2;
						DevelopmentTeam = ZVJ3X6SXB2;
						ProvisioningStyle = Automatic;
					};
					1C5CFBFC1EE794CA0091E74B = {
						CreatedOnToolsVersion = 8.3.2;
						DevelopmentTeam = ZVJ3X6SXB2;
						ProvisioningStyle = Automatic;
						TestTargetID = 1C5CFBE31EE794C90091E74B;
					};
					1C5CFC071EE794CA0091E74B = {
						CreatedOnToolsVersion = 8.3.2;
						DevelopmentTeam = ZVJ3X6SXB2;
						ProvisioningStyle = Automatic;
						TestTargetID = 1C5CFBE31EE794C90091E74B;
					};
				};
			};
			buildConfigurationList = 1C5CFBDF1EE794C90091E74B /* Build configuration list for PBXProject "取色器" */;
			compatibilityVersion = "Xcode 3.2";
			developmentRegion = English;
			hasScannedForEncodings = 0;
			knownRegions = (
				en,
				Base,
			);
			mainGroup = 1C5CFBDB1EE794C90091E74B;
			productRefGroup = 1C5CFBE51EE794C90091E74B /* Products */;
			projectDirPath = "";
			projectRoot = "";
			targets = (
				1C5CFBE31EE794C90091E74B /* 取色器 */,
				1C5CFBFC1EE794CA0091E74B /* 取色器Tests */,
				1C5CFC071EE794CA0091E74B /* 取色器UITests */,
			);
		};
/* End PBXProject section */

/* Begin PBXResourcesBuildPhase section */
		1C5CFBE21EE794C90091E74B /* Resources */ = {
			isa = PBXResourcesBuildPhase;
			buildActionMask = 2147483647;
			files = (
				1C0363221EE7D4BD003FF249 /* 满额@2x.png in Resources */,
				1C5CFBF71EE794CA0091E74B /* LaunchScreen.storyboard in Resources */,
				1C0363241EE7D6C9003FF249 /* 120.png in Resources */,
				1C5CFBF41EE794CA0091E74B /* Assets.xcassets in Resources */,
				1C5CFBF21EE794CA0091E74B /* Main.storyboard in Resources */,
			);
			runOnlyForDeploymentPostprocessing = 0;
		};
		1C5CFBFB1EE794CA0091E74B /* Resources */ = {
			isa = PBXResourcesBuildPhase;
			buildActionMask = 2147483647;
			files = (
			);
			runOnlyForDeploymentPostprocessing = 0;
		};
		1C5CFC061EE794CA0091E74B /* Resources */ = {
			isa = PBXResourcesBuildPhase;
			buildActionMask = 2147483647;
			files = (
			);
			runOnlyForDeploymentPostprocessing = 0;
		};
/* End PBXResourcesBuildPhase section */

/* Begin PBXSourcesBuildPhase section */
		1C5CFBE01EE794C90091E74B /* Sources */ = {
			isa = PBXSourcesBuildPhase;
			buildActionMask = 2147483647;
			files = (
				1C5CFBEF1EE794CA0091E74B /* ViewController.m in Sources */,
				1C5CFBEC1EE794CA0091E74B /* AppDelegate.m in Sources */,
				1C5CFC1E1EE7971D0091E74B /* YSImageView.m in Sources */,
				1C5CFBE91EE794CA0091E74B /* main.m in Sources */,
			);
			runOnlyForDeploymentPostprocessing = 0;
		};
		1C5CFBF91EE794CA0091E74B /* Sources */ = {
			isa = PBXSourcesBuildPhase;
			buildActionMask = 2147483647;
			files = (
				1C5CFC021EE794CA0091E74B /* ___Tests.m in Sources */,
			);
			runOnlyForDeploymentPostprocessing = 0;
		};
		1C5CFC041EE794CA0091E74B /* Sources */ = {
			isa = PBXSourcesBuildPhase;
			buildActionMask = 2147483647;
			files = (
				1C5CFC0D1EE794CA0091E74B /* ___UITests.m in Sources */,
			);
			runOnlyForDeploymentPostprocessing = 0;
		};
/* End PBXSourcesBuildPhase section */

/* Begin PBXTargetDependency section */
		1C5CFBFF1EE794CA0091E74B /* PBXTargetDependency */ = {
			isa = PBXTargetDependency;
			target = 1C5CFBE31EE794C90091E74B /* 取色器 */;
			targetProxy = 1C5CFBFE1EE794CA0091E74B /* PBXContainerItemProxy */;
		};
		1C5CFC0A1EE794CA0091E74B /* PBXTargetDependency */ = {
			isa = PBXTargetDependency;
			target = 1C5CFBE31EE794C90091E74B /* 取色器 */;
			targetProxy = 1C5CFC091EE794CA0091E74B /* PBXContainerItemProxy */;
		};
/* End PBXTargetDependency section */

/* Begin PBXVariantGroup section */
		1C5CFBF01EE794CA0091E74B /* Main.storyboard */ = {
			isa = PBXVariantGroup;
			children = (
				1C5CFBF11EE794CA0091E74B /* Base */,
			);
			name = Main.storyboard;
			sourceTree = "<group>";
		};
		1C5CFBF51EE794CA0091E74B /* LaunchScreen.storyboard */ = {
			isa = PBXVariantGroup;
			children = (
				1C5CFBF61EE794CA0091E74B /* Base */,
			);
			name = LaunchScreen.storyboard;
			sourceTree = "<group>";
		};
/* End PBXVariantGroup section */

/* Begin XCBuildConfiguration section */
		1C5CFC0F1EE794CA0091E74B /* Debug */ = {
			isa = XCBuildConfiguration;
			buildSettings = {
				ALWAYS_SEARCH_USER_PATHS = NO;
				CLANG_ANALYZER_NONNULL = YES;
				CLANG_ANALYZER_NUMBER_OBJECT_CONVERSION = YES_AGGRESSIVE;
				CLANG_CXX_LANGUAGE_STANDARD = "gnu++0x";
				CLANG_CXX_LIBRARY = "libc++";
				CLANG_ENABLE_MODULES = YES;
				CLANG_ENABLE_OBJC_ARC = YES;
				CLANG_WARN_BOOL_CONVERSION = YES;
				CLANG_WARN_CONSTANT_CONVERSION = YES;
				CLANG_WARN_DIRECT_OBJC_ISA_USAGE = YES_ERROR;
				CLANG_WARN_DOCUMENTATION_COMMENTS = YES;
				CLANG_WARN_EMPTY_BODY = YES;
				CLANG_WARN_ENUM_CONVERSION = YES;
				CLANG_WARN_INFINITE_RECURSION = YES;
				CLANG_WARN_INT_CONVERSION = YES;
				CLANG_WARN_OBJC_ROOT_CLASS = YES_ERROR;
				CLANG_WARN_SUSPICIOUS_MOVE = YES;
				CLANG_WARN_UNREACHABLE_CODE = YES;
				CLANG_WARN__DUPLICATE_METHOD_MATCH = YES;
				"CODE_SIGN_IDENTITY[sdk=iphoneos*]" = "iPhone Developer";
				COPY_PHASE_STRIP = NO;
				DEBUG_INFORMATION_FORMAT = dwarf;
				ENABLE_STRICT_OBJC_MSGSEND = YES;
				ENABLE_TESTABILITY = YES;
				GCC_C_LANGUAGE_STANDARD = gnu99;
				GCC_DYNAMIC_NO_PIC = NO;
				GCC_NO_COMMON_BLOCKS = YES;
				GCC_OPTIMIZATION_LEVEL = 0;
				GCC_PREPROCESSOR_DEFINITIONS = (
					"DEBUG=1",
					"$(inherited)",
				);
				GCC_WARN_64_TO_32_BIT_CONVERSION = YES;
				GCC_WARN_ABOUT_RETURN_TYPE = YES_ERROR;
				GCC_WARN_UNDECLARED_SELECTOR = YES;
				GCC_WARN_UNINITIALIZED_AUTOS = YES_AGGRESSIVE;
				GCC_WARN_UNUSED_FUNCTION = YES;
				GCC_WARN_UNUSED_VARIABLE = YES;
				IPHONEOS_DEPLOYMENT_TARGET = 10.3;
				MTL_ENABLE_DEBUG_INFO = YES;
				ONLY_ACTIVE_ARCH = YES;
				SDKROOT = iphoneos;
				TARGETED_DEVICE_FAMILY = "1,2";
			};
			name = Debug;
		};
		1C5CFC101EE794CA0091E74B /* Release */ = {
			isa = XCBuildConfiguration;
			buildSettings = {
				ALWAYS_SEARCH_USER_PATHS = NO;
				CLANG_ANALYZER_NONNULL = YES;
				CLANG_ANALYZER_NUMBER_OBJECT_CONVERSION = YES_AGGRESSIVE;
				CLANG_CXX_LANGUAGE_STANDARD = "gnu++0x";
				CLANG_CXX_LIBRARY = "libc++";
				CLANG_ENABLE_MODULES = YES;
				CLANG_ENABLE_OBJC_ARC = YES;
				CLANG_WARN_BOOL_CONVERSION = YES;
				CLANG_WARN_CONSTANT_CONVERSION = YES;
				CLANG_WARN_DIRECT_OBJC_ISA_USAGE = YES_ERROR;
				CLANG_WARN_DOCUMENTATION_COMMENTS = YES;
				CLANG_WARN_EMPTY_BODY = YES;
				CLANG_WARN_ENUM_CONVERSION = YES;
				CLANG_WARN_INFINITE_RECURSION = YES;
				CLANG_WARN_INT_CONVERSION = YES;
				CLANG_WARN_OBJC_ROOT_CLASS = YES_ERROR;
				CLANG_WARN_SUSPICIOUS_MOVE = YES;
				CLANG_WARN_UNREACHABLE_CODE = YES;
				CLANG_WARN__DUPLICATE_METHOD_MATCH = YES;
				"CODE_SIGN_IDENTITY[sdk=iphoneos*]" = "iPhone Developer";
				COPY_PHASE_STRIP = NO;
				DEBUG_INFORMATION_FORMAT = "dwarf-with-dsym";
				ENABLE_NS_ASSERTIONS = NO;
				ENABLE_STRICT_OBJC_MSGSEND = YES;
				GCC_C_LANGUAGE_STANDARD = gnu99;
				GCC_NO_COMMON_BLOCKS = YES;
				GCC_WARN_64_TO_32_BIT_CONVERSION = YES;
				GCC_WARN_ABOUT_RETURN_TYPE = YES_ERROR;
				GCC_WARN_UNDECLARED_SELECTOR = YES;
				GCC_WARN_UNINITIALIZED_AUTOS = YES_AGGRESSIVE;
				GCC_WARN_UNUSED_FUNCTION = YES;
				GCC_WARN_UNUSED_VARIABLE = YES;
				IPHONEOS_DEPLOYMENT_TARGET = 10.3;
				MTL_ENABLE_DEBUG_INFO = NO;
				SDKROOT = iphoneos;
				TARGETED_DEVICE_FAMILY = "1,2";
				VALIDATE_PRODUCT = YES;
			};
			name = Release;
		};
		1C5CFC121EE794CA0091E74B /* Debug */ = {
			isa = XCBuildConfiguration;
			buildSettings = {
				ASSETCATALOG_COMPILER_APPICON_NAME = AppIcon;
				DEVELOPMENT_TEAM = ZVJ3X6SXB2;
				INFOPLIST_FILE = "取色器/Info.plist";
				LD_RUNPATH_SEARCH_PATHS = "$(inherited) @executable_path/Frameworks";
				PRODUCT_BUNDLE_IDENTIFIER = "IMTextLgq.---";
				PRODUCT_NAME = "$(TARGET_NAME)";
			};
			name = Debug;
		};
		1C5CFC131EE794CA0091E74B /* Release */ = {
			isa = XCBuildConfiguration;
			buildSettings = {
				ASSETCATALOG_COMPILER_APPICON_NAME = AppIcon;
				DEVELOPMENT_TEAM = ZVJ3X6SXB2;
				INFOPLIST_FILE = "取色器/Info.plist";
				LD_RUNPATH_SEARCH_PATHS = "$(inherited) @executable_path/Frameworks";
				PRODUCT_BUNDLE_IDENTIFIER = "IMTextLgq.---";
				PRODUCT_NAME = "$(TARGET_NAME)";
			};
			name = Release;
		};
		1C5CFC151EE794CA0091E74B /* Debug */ = {
			isa = XCBuildConfiguration;
			buildSettings = {
				BUNDLE_LOADER = "$(TEST_HOST)";
				DEVELOPMENT_TEAM = ZVJ3X6SXB2;
				INFOPLIST_FILE = "取色器Tests/Info.plist";
				LD_RUNPATH_SEARCH_PATHS = "$(inherited) @executable_path/Frameworks @loader_path/Frameworks";
				PRODUCT_BUNDLE_IDENTIFIER = "IMTextLgq.---Tests";
				PRODUCT_NAME = "$(TARGET_NAME)";
				TEST_HOST = "$(BUILT_PRODUCTS_DIR)/取色器.app/取色器";
			};
			name = Debug;
		};
		1C5CFC161EE794CA0091E74B /* Release */ = {
			isa = XCBuildConfiguration;
			buildSettings = {
				BUNDLE_LOADER = "$(TEST_HOST)";
				DEVELOPMENT_TEAM = ZVJ3X6SXB2;
				INFOPLIST_FILE = "取色器Tests/Info.plist";
				LD_RUNPATH_SEARCH_PATHS = "$(inherited) @executable_path/Frameworks @loader_path/Frameworks";
				PRODUCT_BUNDLE_IDENTIFIER = "IMTextLgq.---Tests";
				PRODUCT_NAME = "$(TARGET_NAME)";
				TEST_HOST = "$(BUILT_PRODUCTS_DIR)/取色器.app/取色器";
			};
			name = Release;
		};
		1C5CFC181EE794CA0091E74B /* Debug */ = {
			isa = XCBuildConfiguration;
			buildSettings = {
				DEVELOPMENT_TEAM = ZVJ3X6SXB2;
				INFOPLIST_FILE = "取色器UITests/Info.plist";
				LD_RUNPATH_SEARCH_PATHS = "$(inherited) @executable_path/Frameworks @loader_path/Frameworks";
				PRODUCT_BUNDLE_IDENTIFIER = "IMTextLgq.---UITests";
				PRODUCT_NAME = "$(TARGET_NAME)";
				TEST_TARGET_NAME = "取色器";
			};
			name = Debug;
		};
		1C5CFC191EE794CA0091E74B /* Release */ = {
			isa = XCBuildConfiguration;
			buildSettings = {
				DEVELOPMENT_TEAM = ZVJ3X6SXB2;
				INFOPLIST_FILE = "取色器UITests/Info.plist";
				LD_RUNPATH_SEARCH_PATHS = "$(inherited) @executable_path/Frameworks @loader_path/Frameworks";
				PRODUCT_BUNDLE_IDENTIFIER = "IMTextLgq.---UITests";
				PRODUCT_NAME = "$(TARGET_NAME)";
				TEST_TARGET_NAME = "取色器";
			};
			name = Release;
		};
/* End XCBuildConfiguration section */

/* Begin XCConfigurationList section */
		1C5CFBDF1EE794C90091E74B /* Build configuration list for PBXProject "取色器" */ = {
			isa = XCConfigurationList;
			buildConfigurations = (
				1C5CFC0F1EE794CA0091E74B /* Debug */,
				1C5CFC101EE794CA0091E74B /* Release */,
			);
			defaultConfigurationIsVisible = 0;
			defaultConfigurationName = Release;
		};
		1C5CFC111EE794CA0091E74B /* Build configuration list for PBXNativeTarget "取色器" */ = {
			isa = XCConfigurationList;
			buildConfigurations = (
				1C5CFC121EE794CA0091E74B /* Debug */,
				1C5CFC131EE794CA0091E74B /* Release */,
			);
			defaultConfigurationIsVisible = 0;
			defaultConfigurationName = Release;
		};
		1C5CFC141EE794CA0091E74B /* Build configuration list for PBXNativeTarget "取色器Tests" */ = {
			isa = XCConfigurationList;
			buildConfigurations = (
				1C5CFC151EE794CA0091E74B /* Debug */,
				1C5CFC161EE794CA0091E74B /* Release */,
			);
			defaultConfigurationIsVisible = 0;
			defaultConfigurationName = Release;
		};
		1C5CFC171EE794CA0091E74B /* Build configuration list for PBXNativeTarget "取色器UITests" */ = {
			isa = XCConfigurationList;
			buildConfigurations = (
				1C5CFC181EE794CA0091E74B /* Debug */,
				1C5CFC191EE794CA0091E74B /* Release */,
			);
			defaultConfigurationIsVisible = 0;
			defaultConfigurationName = Release;
		};
/* End XCConfigurationList section */
	};
	rootObject = 1C5CFBDC1EE794C90091E74B /* Project object */;
}
